
Microsoft Visual Studio Solution File, Format Version 12.00
# Visual Studio Version 16
VisualStudioVersion = 16.0.34031.81
MinimumVisualStudioVersion = 10.0.40219.1
Project("{2150E333-8FDC-42A3-9474-1A3956D46DE8}") = "Task0", "Task0", "{A83A5B10-DF09-4349-8A02-559458DC4C81}"
EndProject
Project("{FAE04EC0-301F-11D3-BF4B-00C04F79EFBC}") = "Tyuiu.ShananinaVV.Sprint4.Task0.V4", "Tyuiu.ShananinaVV.Sprint4.Task0.V4\Tyuiu.ShananinaVV.Sprint4.Task0.V4.csproj", "{6A97ADCD-D250-47FA-B46F-5447060536E6}"
EndProject
Project("{FAE04EC0-301F-11D3-BF4B-00C04F79EFBC}") = "Tyuiu.ShananinaVV.Sprint4.Task0.V4.Lib", "Tyuiu.ShananinaVV.Sprint4.Task0.V4.Lib\Tyuiu.ShananinaVV.Sprint4.Task0.V4.Lib.csproj", "{805ED44E-4414-4884-825D-1403678F39B5}"
EndProject
Project("{FAE04EC0-301F-11D3-BF4B-00C04F79EFBC}") = "Tyuiu.ShananinaVV.Sprint4.Task0.V4.Test", "Tyuiu.ShananinaVV.Sprint4.Task0.V4.Test\Tyuiu.ShananinaVV.Sprint4.Task0.V4.Test.csproj", "{513A0191-F93A-4A58-A80A-D79A50D6681D}"
EndProject
Project("{2150E333-8FDC-42A3-9474-1A3956D46DE8}") = "Task1", "Task1", "{EB9BD257-582B-4DC8-AC27-2C8D6E5367DB}"
EndProject
Project("{FAE04EC0-301F-11D3-BF4B-00C04F79EFBC}") = "Tyuiu.ShananinaVV.Sprint4.Task1.V6", "Tyuiu.ShananinaVV.Sprint4.Task1.V6\Tyuiu.ShananinaVV.Sprint4.Task1.V6.csproj", "{E90E0135-DBC2-491D-A137-2617DD637BC9}"
EndProject
Project("{FAE04EC0-301F-11D3-BF4B-00C04F79EFBC}") = "Tyuiu.ShananinaVV.Sprint4.Task1.V6.Lib", "Tyuiu.ShananinaVV.Sprint4.Task1.V6.Lib\Tyuiu.ShananinaVV.Sprint4.Task1.V6.Lib.csproj", "{F6B9B853-B2AA-40E4-9EE0-E83AE5597E6C}"
EndProject
Project("{FAE04EC0-301F-11D3-BF4B-00C04F79EFBC}") = "Tyuiu.ShananinaVV.Sprint4.Task1.V6.Test", "Tyuiu.ShananinaVV.Sprint4.Task1.V6.Test\Tyuiu.ShananinaVV.Sprint4.Task1.V6.Test.csproj", "{1077007A-35B8-4FBD-A088-4932098D6FD9}"
EndProject
Project("{2150E333-8FDC-42A3-9474-1A3956D46DE8}") = "Task2", "Task2", "{E7BEB33E-E9D8-4B58-B167-8EDD6A3679B2}"
EndProject
Project("{FAE04EC0-301F-11D3-BF4B-00C04F79EFBC}") = "Tyuiu.ShananinaVV.Sprint4.Task2.V5", "Tyuiu.ShananinaVV.Sprint4.Task2.V5\Tyuiu.ShananinaVV.Sprint4.Task2.V5.csproj", "{529EF3CC-186D-4BA4-A643-086ED98C1D20}"
EndProject
Project("{FAE04EC0-301F-11D3-BF4B-00C04F79EFBC}") = "Tyuiu.ShananinaVV.Sprint4.Task2.V5.Lib", "Tyuiu.ShananinaVV.Sprint4.Task2.V5.Lib\Tyuiu.ShananinaVV.Sprint4.Task2.V5.Lib.csproj", "{E62D9E5E-0FF4-4D95-91A3-AD0269E6D3FE}"
EndProject
Project("{FAE04EC0-301F-11D3-BF4B-00C04F79EFBC}") = "Tyuiu.ShananinaVV.Sprint4.Task2.V5.Test", "Tyuiu.ShananinaVV.Sprint4.Task2.V5.Test\Tyuiu.ShananinaVV.Sprint4.Task2.V5.Test.csproj", "{5DF27800-D922-4AEE-AE97-EC00ABB8075F}"
EndProject
Project("{2150E333-8FDC-42A3-9474-1A3956D46DE8}") = "Task3", "Task3", "{DCC6D960-3F37-4999-AFAC-B6520124A230}"
EndProject
Project("{FAE04EC0-301F-11D3-BF4B-00C04F79EFBC}") = "Tyuiu.ShananinaVV.Sprint4.Task3.V3", "Tyuiu.ShananinaVV.Sprint4.Task3.V3\Tyuiu.ShananinaVV.Sprint4.Task3.V3.csproj", "{FBCF44D0-0E1C-4EBC-B3D7-367D917337E6}"
EndProject
Project("{FAE04EC0-301F-11D3-BF4B-00C04F79EFBC}") = "Tyuiu.ShananinaVV.Sprint4.Task3.V3.Lib", "Tyuiu.ShananinaVV.Sprint4.Task3.V3.Lib\Tyuiu.ShananinaVV.Sprint4.Task3.V3.Lib.csproj", "{EC6E2999-9C32-497D-AD1A-317AB86982D5}"
EndProject
Project("{FAE04EC0-301F-11D3-BF4B-00C04F79EFBC}") = "Tyuiu.ShananinaVV.Sprint4.Task3.V3.Test", "Tyuiu.ShananinaVV.Sprint4.Task3.V3.Test\Tyuiu.ShananinaVV.Sprint4.Task3.V3.Test.csproj", "{0D67A1BC-A451-40B4-ACF8-B8E7CE442B26}"
EndProject
Project("{2150E333-8FDC-42A3-9474-1A3956D46DE8}") = "Task4", "Task4", "{62C0654E-B4BD-4A85-8464-3D9AE0780A3D}"
EndProject
Project("{FAE04EC0-301F-11D3-BF4B-00C04F79EFBC}") = "Tyuiu.ShananinaVV.Sprint4.Task4.V28", "Tyuiu.ShananinaVV.Sprint4.Task4.V28\Tyuiu.ShananinaVV.Sprint4.Task4.V28.csproj", "{B77696B8-4D1E-44A8-BE55-B866EE994DCF}"
EndProject
Project("{FAE04EC0-301F-11D3-BF4B-00C04F79EFBC}") = "Tyuiu.ShananinaVV.Sprint4.Task4.V28.Lib", "Tyuiu.ShananinaVV.Sprint4.Task4.V28.Lib\Tyuiu.ShananinaVV.Sprint4.Task4.V28.Lib.csproj", "{6ECD8BED-7916-43E5-A423-C84842919426}"
EndProject
Project("{FAE04EC0-301F-11D3-BF4B-00C04F79EFBC}") = "Tyuiu.ShananinaVV.Sprint4.Task4.V28.Test", "Tyuiu.ShananinaVV.Sprint4.Task4.V28.Test\Tyuiu.ShananinaVV.Sprint4.Task4.V28.Test.csproj", "{693CFF68-C0E9-462C-A42D-5DE1EF359144}"
EndProject
Project("{2150E333-8FDC-42A3-9474-1A3956D46DE8}") = "Task5", "Task5", "{423FC4A1-1EC0-496C-A657-EE6B01285A5D}"
EndProject
Project("{FAE04EC0-301F-11D3-BF4B-00C04F79EFBC}") = "Tyuiu.ShananinaVV.Sprint4.Task5.V29", "Tyuiu.ShananinaVV.Sprint4.Task5.V29\Tyuiu.ShananinaVV.Sprint4.Task5.V29.csproj", "{5EA08337-DC0A-49F9-B0A4-D8362760CE68}"
EndProject
Project("{FAE04EC0-301F-11D3-BF4B-00C04F79EFBC}") = "Tyuiu.ShananinaVV.Sprint4.Task5.V29.Lib", "Tyuiu.ShananinaVV.Sprint4.Task5.V29.Lib\Tyuiu.ShananinaVV.Sprint4.Task5.V29.Lib.csproj", "{AEA74D81-1846-4399-A7B3-64B4A181CAC7}"
EndProject
Project("{FAE04EC0-301F-11D3-BF4B-00C04F79EFBC}") = "Tyuiu.ShananinaVV.Sprint4.Task5.V29.Test", "Tyuiu.ShananinaVV.Sprint4.Task5.V29.Test\Tyuiu.ShananinaVV.Sprint4.Task5.V29.Test.csproj", "{73688529-3A39-4E6B-8DC1-F8361598C506}"
EndProject
Project("{2150E333-8FDC-42A3-9474-1A3956D46DE8}") = "Task6", "Task6", "{AE1E027E-620A-4457-AB22-CDA9FBB4F1A2}"
EndProject
Project("{FAE04EC0-301F-11D3-BF4B-00C04F79EFBC}") = "Tyuiu.ShananinaVV.Sprint4.Task6.V20", "Tyuiu.ShananinaVV.Sprint4.Task6.V20\Tyuiu.ShananinaVV.Sprint4.Task6.V20.csproj", "{50F0C313-77CF-4E4F-AAC1-164828454896}"
EndProject
Project("{FAE04EC0-301F-11D3-BF4B-00C04F79EFBC}") = "Tyuiu.ShananinaVV.Sprint4.Task6.V20.Lib", "Tyuiu.ShananinaVV.Sprint4.Task6.V20.Lib\Tyuiu.ShananinaVV.Sprint4.Task6.V20.Lib.csproj", "{C0BF1F55-0E8F-40ED-B510-A62E21988ABC}"
EndProject
Project("{FAE04EC0-301F-11D3-BF4B-00C04F79EFBC}") = "Tyuiu.ShananinaVV.Sprint4.Task6.V20.Test", "Tyuiu.ShananinaVV.Sprint4.Task6.V20.Test\Tyuiu.ShananinaVV.Sprint4.Task6.V20.Test.csproj", "{8525E691-C13D-4911-8B0F-62746E377DB5}"
EndProject
Project("{2150E333-8FDC-42A3-9474-1A3956D46DE8}") = "Task7", "Task7", "{4F0F06DA-9425-45D7-9B8E-7C7DD7E5606A}"
EndProject
Project("{FAE04EC0-301F-11D3-BF4B-00C04F79EFBC}") = "Tyuiu.ShananinaVV.Sprint4.Task7.V12", "Tyuiu.ShananinaVV.Sprint4.Task7.V12\Tyuiu.ShananinaVV.Sprint4.Task7.V12.csproj", "{C508D35C-9AF1-4751-AB04-73A763B24CA9}"
EndProject
Project("{FAE04EC0-301F-11D3-BF4B-00C04F79EFBC}") = "Tyuiu.ShananinaVV.Sprint4.Task7.V12.Lib", "Tyuiu.ShananinaVV.Sprint4.Task7.V12.Lib\Tyuiu.ShananinaVV.Sprint4.Task7.V12.Lib.csproj", "{95E29A79-0F66-490F-8AB7-DB236B70F417}"
EndProject
Project("{FAE04EC0-301F-11D3-BF4B-00C04F79EFBC}") = "Tyuiu.ShananinaVV.Sprint4.Task7.V12.Test", "Tyuiu.ShananinaVV.Sprint4.Task7.V12.Test\Tyuiu.ShananinaVV.Sprint4.Task7.V12.Test.csproj", "{E8B6B5FF-4478-44E8-88B5-20361B76935A}"
EndProject
Global
	GlobalSection(SolutionConfigurationPlatforms) = preSolution
		Debug|Any CPU = Debug|Any CPU
		Release|Any CPU = Release|Any CPU
	EndGlobalSection
	GlobalSection(ProjectConfigurationPlatforms) = postSolution
		{6A97ADCD-D250-47FA-B46F-5447060536E6}.Debug|Any CPU.ActiveCfg = Debug|Any CPU
		{6A97ADCD-D250-47FA-B46F-5447060536E6}.Debug|Any CPU.Build.0 = Debug|Any CPU
		{6A97ADCD-D250-47FA-B46F-5447060536E6}.Release|Any CPU.ActiveCfg = Release|Any CPU
		{6A97ADCD-D250-47FA-B46F-5447060536E6}.Release|Any CPU.Build.0 = Release|Any CPU
		{805ED44E-4414-4884-825D-1403678F39B5}.Debug|Any CPU.ActiveCfg = Debug|Any CPU
		{805ED44E-4414-4884-825D-1403678F39B5}.Debug|Any CPU.Build.0 = Debug|Any CPU
		{805ED44E-4414-4884-825D-1403678F39B5}.Release|Any CPU.ActiveCfg = Release|Any CPU
		{805ED44E-4414-4884-825D-1403678F39B5}.Release|Any CPU.Build.0 = Release|Any CPU
		{513A0191-F93A-4A58-A80A-D79A50D6681D}.Debug|Any CPU.ActiveCfg = Debug|Any CPU
		{513A0191-F93A-4A58-A80A-D79A50D6681D}.Debug|Any CPU.Build.0 = Debug|Any CPU
		{513A0191-F93A-4A58-A80A-D79A50D6681D}.Release|Any CPU.ActiveCfg = Release|Any CPU
		{513A0191-F93A-4A58-A80A-D79A50D6681D}.Release|Any CPU.Build.0 = Release|Any CPU
		{E90E0135-DBC2-491D-A137-2617DD637BC9}.Debug|Any CPU.ActiveCfg = Debug|Any CPU
		{E90E0135-DBC2-491D-A137-2617DD637BC9}.Debug|Any CPU.Build.0 = Debug|Any CPU
		{E90E0135-DBC2-491D-A137-2617DD637BC9}.Release|Any CPU.ActiveCfg = Release|Any CPU
		{E90E0135-DBC2-491D-A137-2617DD637BC9}.Release|Any CPU.Build.0 = Release|Any CPU
		{F6B9B853-B2AA-40E4-9EE0-E83AE5597E6C}.Debug|Any CPU.ActiveCfg = Debug|Any CPU
		{F6B9B853-B2AA-40E4-9EE0-E83AE5597E6C}.Debug|Any CPU.Build.0 = Debug|Any CPU
		{F6B9B853-B2AA-40E4-9EE0-E83AE5597E6C}.Release|Any CPU.ActiveCfg = Release|Any CPU
		{F6B9B853-B2AA-40E4-9EE0-E83AE5597E6C}.Release|Any CPU.Build.0 = Release|Any CPU
		{1077007A-35B8-4FBD-A088-4932098D6FD9}.Debug|Any CPU.ActiveCfg = Debug|Any CPU
		{1077007A-35B8-4FBD-A088-4932098D6FD9}.Debug|Any CPU.Build.0 = Debug|Any CPU
		{1077007A-35B8-4FBD-A088-4932098D6FD9}.Release|Any CPU.ActiveCfg = Release|Any CPU
		{1077007A-35B8-4FBD-A088-4932098D6FD9}.Release|Any CPU.Build.0 = Release|Any CPU
		{529EF3CC-186D-4BA4-A643-086ED98C1D20}.Debug|Any CPU.ActiveCfg = Debug|Any CPU
		{529EF3CC-186D-4BA4-A643-086ED98C1D20}.Debug|Any CPU.Build.0 = Debug|Any CPU
		{529EF3CC-186D-4BA4-A643-086ED98C1D20}.Release|Any CPU.ActiveCfg = Release|Any CPU
		{529EF3CC-186D-4BA4-A643-086ED98C1D20}.Release|Any CPU.Build.0 = Release|Any CPU
		{E62D9E5E-0FF4-4D95-91A3-AD0269E6D3FE}.Debug|Any CPU.ActiveCfg = Debug|Any CPU
		{E62D9E5E-0FF4-4D95-91A3-AD0269E6D3FE}.Debug|Any CPU.Build.0 = Debug|Any CPU
		{E62D9E5E-0FF4-4D95-91A3-AD0269E6D3FE}.Release|Any CPU.ActiveCfg = Release|Any CPU
		{E62D9E5E-0FF4-4D95-91A3-AD0269E6D3FE}.Release|Any CPU.Build.0 = Release|Any CPU
		{5DF27800-D922-4AEE-AE97-EC00ABB8075F}.Debug|Any CPU.ActiveCfg = Debug|Any CPU
		{5DF27800-D922-4AEE-AE97-EC00ABB8075F}.Debug|Any CPU.Build.0 = Debug|Any CPU
		{5DF27800-D922-4AEE-AE97-EC00ABB8075F}.Release|Any CPU.ActiveCfg = Release|Any CPU
		{5DF27800-D922-4AEE-AE97-EC00ABB8075F}.Release|Any CPU.Build.0 = Release|Any CPU
		{FBCF44D0-0E1C-4EBC-B3D7-367D917337E6}.Debug|Any CPU.ActiveCfg = Debug|Any CPU
		{FBCF44D0-0E1C-4EBC-B3D7-367D917337E6}.Debug|Any CPU.Build.0 = Debug|Any CPU
		{FBCF44D0-0E1C-4EBC-B3D7-367D917337E6}.Release|Any CPU.ActiveCfg = Release|Any CPU
		{FBCF44D0-0E1C-4EBC-B3D7-367D917337E6}.Release|Any CPU.Build.0 = Release|Any CPU
		{EC6E2999-9C32-497D-AD1A-317AB86982D5}.Debug|Any CPU.ActiveCfg = Debug|Any CPU
		{EC6E2999-9C32-497D-AD1A-317AB86982D5}.Debug|Any CPU.Build.0 = Debug|Any CPU
		{EC6E2999-9C32-497D-AD1A-317AB86982D5}.Release|Any CPU.ActiveCfg = Release|Any CPU
		{EC6E2999-9C32-497D-AD1A-317AB86982D5}.Release|Any CPU.Build.0 = Release|Any CPU
		{0D67A1BC-A451-40B4-ACF8-B8E7CE442B26}.Debug|Any CPU.ActiveCfg = Debug|Any CPU
		{0D67A1BC-A451-40B4-ACF8-B8E7CE442B26}.Debug|Any CPU.Build.0 = Debug|Any CPU
		{0D67A1BC-A451-40B4-ACF8-B8E7CE442B26}.Release|Any CPU.ActiveCfg = Release|Any CPU
		{0D67A1BC-A451-40B4-ACF8-B8E7CE442B26}.Release|Any CPU.Build.0 = Release|Any CPU
		{B77696B8-4D1E-44A8-BE55-B866EE994DCF}.Debug|Any CPU.ActiveCfg = Debug|Any CPU
		{B77696B8-4D1E-44A8-BE55-B866EE994DCF}.Debug|Any CPU.Build.0 = Debug|Any CPU
		{B77696B8-4D1E-44A8-BE55-B866EE994DCF}.Release|Any CPU.ActiveCfg = Release|Any CPU
		{B77696B8-4D1E-44A8-BE55-B866EE994DCF}.Release|Any CPU.Build.0 = Release|Any CPU
		{6ECD8BED-7916-43E5-A423-C84842919426}.Debug|Any CPU.ActiveCfg = Debug|Any CPU
		{6ECD8BED-7916-43E5-A423-C84842919426}.Debug|Any CPU.Build.0 = Debug|Any CPU
		{6ECD8BED-7916-43E5-A423-C84842919426}.Release|Any CPU.ActiveCfg = Release|Any CPU
		{6ECD8BED-7916-43E5-A423-C84842919426}.Release|Any CPU.Build.0 = Release|Any CPU
		{693CFF68-C0E9-462C-A42D-5DE1EF359144}.Debug|Any CPU.ActiveCfg = Debug|Any CPU
		{693CFF68-C0E9-462C-A42D-5DE1EF359144}.Debug|Any CPU.Build.0 = Debug|Any CPU
		{693CFF68-C0E9-462C-A42D-5DE1EF359144}.Release|Any CPU.ActiveCfg = Release|Any CPU
		{693CFF68-C0E9-462C-A42D-5DE1EF359144}.Release|Any CPU.Build.0 = Release|Any CPU
		{5EA08337-DC0A-49F9-B0A4-D8362760CE68}.Debug|Any CPU.ActiveCfg = Debug|Any CPU
		{5EA08337-DC0A-49F9-B0A4-D8362760CE68}.Debug|Any CPU.Build.0 = Debug|Any CPU
		{5EA08337-DC0A-49F9-B0A4-D8362760CE68}.Release|Any CPU.ActiveCfg = Release|Any CPU
		{5EA08337-DC0A-49F9-B0A4-D8362760CE68}.Release|Any CPU.Build.0 = Release|Any CPU
		{AEA74D81-1846-4399-A7B3-64B4A181CAC7}.Debug|Any CPU.ActiveCfg = Debug|Any CPU
		{AEA74D81-1846-4399-A7B3-64B4A181CAC7}.Debug|Any CPU.Build.0 = Debug|Any CPU
		{AEA74D81-1846-4399-A7B3-64B4A181CAC7}.Release|Any CPU.ActiveCfg = Release|Any CPU
		{AEA74D81-1846-4399-A7B3-64B4A181CAC7}.Release|Any CPU.Build.0 = Release|Any CPU
		{73688529-3A39-4E6B-8DC1-F8361598C506}.Debug|Any CPU.ActiveCfg = Debug|Any CPU
		{73688529-3A39-4E6B-8DC1-F8361598C506}.Debug|Any CPU.Build.0 = Debug|Any CPU
		{73688529-3A39-4E6B-8DC1-F8361598C506}.Release|Any CPU.ActiveCfg = Release|Any CPU
		{73688529-3A39-4E6B-8DC1-F8361598C506}.Release|Any CPU.Build.0 = Release|Any CPU
		{50F0C313-77CF-4E4F-AAC1-164828454896}.Debug|Any CPU.ActiveCfg = Debug|Any CPU
		{50F0C313-77CF-4E4F-AAC1-164828454896}.Debug|Any CPU.Build.0 = Debug|Any CPU
		{50F0C313-77CF-4E4F-AAC1-164828454896}.Release|Any CPU.ActiveCfg = Release|Any CPU
		{50F0C313-77CF-4E4F-AAC1-164828454896}.Release|Any CPU.Build.0 = Release|Any CPU
		{C0BF1F55-0E8F-40ED-B510-A62E21988ABC}.Debug|Any CPU.ActiveCfg = Debug|Any CPU
		{C0BF1F55-0E8F-40ED-B510-A62E21988ABC}.Debug|Any CPU.Build.0 = Debug|Any CPU
		{C0BF1F55-0E8F-40ED-B510-A62E21988ABC}.Release|Any CPU.ActiveCfg = Release|Any CPU
		{C0BF1F55-0E8F-40ED-B510-A62E21988ABC}.Release|Any CPU.Build.0 = Release|Any CPU
		{8525E691-C13D-4911-8B0F-62746E377DB5}.Debug|Any CPU.ActiveCfg = Debug|Any CPU
		{8525E691-C13D-4911-8B0F-62746E377DB5}.Debug|Any CPU.Build.0 = Debug|Any CPU
		{8525E691-C13D-4911-8B0F-62746E377DB5}.Release|Any CPU.ActiveCfg = Release|Any CPU
		{8525E691-C13D-4911-8B0F-62746E377DB5}.Release|Any CPU.Build.0 = Release|Any CPU
		{C508D35C-9AF1-4751-AB04-73A763B24CA9}.Debug|Any CPU.ActiveCfg = Debug|Any CPU
		{C508D35C-9AF1-4751-AB04-73A763B24CA9}.Debug|Any CPU.Build.0 = Debug|Any CPU
		{C508D35C-9AF1-4751-AB04-73A763B24CA9}.Release|Any CPU.ActiveCfg = Release|Any CPU
		{C508D35C-9AF1-4751-AB04-73A763B24CA9}.Release|Any CPU.Build.0 = Release|Any CPU
		{95E29A79-0F66-490F-8AB7-DB236B70F417}.Debug|Any CPU.ActiveCfg = Debug|Any CPU
		{95E29A79-0F66-490F-8AB7-DB236B70F417}.Debug|Any CPU.Build.0 = Debug|Any CPU
		{95E29A79-0F66-490F-8AB7-DB236B70F417}.Release|Any CPU.ActiveCfg = Release|Any CPU
		{95E29A79-0F66-490F-8AB7-DB236B70F417}.Release|Any CPU.Build.0 = Release|Any CPU
		{E8B6B5FF-4478-44E8-88B5-20361B76935A}.Debug|Any CPU.ActiveCfg = Debug|Any CPU
		{E8B6B5FF-4478-44E8-88B5-20361B76935A}.Debug|Any CPU.Build.0 = Debug|Any CPU
		{E8B6B5FF-4478-44E8-88B5-20361B76935A}.Release|Any CPU.ActiveCfg = Release|Any CPU
		{E8B6B5FF-4478-44E8-88B5-20361B76935A}.Release|Any CPU.Build.0 = Release|Any CPU
	EndGlobalSection
	GlobalSection(SolutionProperties) = preSolution
		HideSolutionNode = FALSE
	EndGlobalSection
	GlobalSection(NestedProjects) = preSolution
		{6A97ADCD-D250-47FA-B46F-5447060536E6} = {A83A5B10-DF09-4349-8A02-559458DC4C81}
		{805ED44E-4414-4884-825D-1403678F39B5} = {A83A5B10-DF09-4349-8A02-559458DC4C81}
		{513A0191-F93A-4A58-A80A-D79A50D6681D} = {A83A5B10-DF09-4349-8A02-559458DC4C81}
		{E90E0135-DBC2-491D-A137-2617DD637BC9} = {EB9BD257-582B-4DC8-AC27-2C8D6E5367DB}
		{F6B9B853-B2AA-40E4-9EE0-E83AE5597E6C} = {EB9BD257-582B-4DC8-AC27-2C8D6E5367DB}
		{1077007A-35B8-4FBD-A088-4932098D6FD9} = {EB9BD257-582B-4DC8-AC27-2C8D6E5367DB}
		{529EF3CC-186D-4BA4-A643-086ED98C1D20} = {E7BEB33E-E9D8-4B58-B167-8EDD6A3679B2}
		{E62D9E5E-0FF4-4D95-91A3-AD0269E6D3FE} = {E7BEB33E-E9D8-4B58-B167-8EDD6A3679B2}
		{5DF27800-D922-4AEE-AE97-EC00ABB8075F} = {E7BEB33E-E9D8-4B58-B167-8EDD6A3679B2}
		{FBCF44D0-0E1C-4EBC-B3D7-367D917337E6} = {DCC6D960-3F37-4999-AFAC-B6520124A230}
		{EC6E2999-9C32-497D-AD1A-317AB86982D5} = {DCC6D960-3F37-4999-AFAC-B6520124A230}
		{0D67A1BC-A451-40B4-ACF8-B8E7CE442B26} = {DCC6D960-3F37-4999-AFAC-B6520124A230}
		{B77696B8-4D1E-44A8-BE55-B866EE994DCF} = {62C0654E-B4BD-4A85-8464-3D9AE0780A3D}
		{6ECD8BED-7916-43E5-A423-C84842919426} = {62C0654E-B4BD-4A85-8464-3D9AE0780A3D}
		{693CFF68-C0E9-462C-A42D-5DE1EF359144} = {62C0654E-B4BD-4A85-8464-3D9AE0780A3D}
		{5EA08337-DC0A-49F9-B0A4-D8362760CE68} = {423FC4A1-1EC0-496C-A657-EE6B01285A5D}
		{AEA74D81-1846-4399-A7B3-64B4A181CAC7} = {423FC4A1-1EC0-496C-A657-EE6B01285A5D}
		{73688529-3A39-4E6B-8DC1-F8361598C506} = {423FC4A1-1EC0-496C-A657-EE6B01285A5D}
		{50F0C313-77CF-4E4F-AAC1-164828454896} = {AE1E027E-620A-4457-AB22-CDA9FBB4F1A2}
		{C0BF1F55-0E8F-40ED-B510-A62E21988ABC} = {AE1E027E-620A-4457-AB22-CDA9FBB4F1A2}
		{8525E691-C13D-4911-8B0F-62746E377DB5} = {AE1E027E-620A-4457-AB22-CDA9FBB4F1A2}
		{C508D35C-9AF1-4751-AB04-73A763B24CA9} = {4F0F06DA-9425-45D7-9B8E-7C7DD7E5606A}
		{95E29A79-0F66-490F-8AB7-DB236B70F417} = {4F0F06DA-9425-45D7-9B8E-7C7DD7E5606A}
		{E8B6B5FF-4478-44E8-88B5-20361B76935A} = {4F0F06DA-9425-45D7-9B8E-7C7DD7E5606A}
	EndGlobalSection
	GlobalSection(ExtensibilityGlobals) = postSolution
		SolutionGuid = {6DCE9DF2-3891-46AB-AE34-563CAA211479}
	EndGlobalSection
EndGlobal
